
Microsoft Visual Studio Solution File, Format Version 12.00
# Visual Studio Version 17
VisualStudioVersion = 17.6.33723.286
MinimumVisualStudioVersion = 10.0.40219.1
Project("{FAE04EC0-301F-11D3-BF4B-00C04F79EFBC}") = "222222", "222222.csproj", "{91851B63-5A12-44A5-A130-5CE7F52E294A}"
EndProject
Global
	GlobalSection(SolutionConfigurationPlatforms) = preSolution
		Debug|Any CPU = Debug|Any CPU
		Release|Any CPU = Release|Any CPU
	EndGlobalSection
	GlobalSection(ProjectConfigurationPlatforms) = postSolution
		{91851B63-5A12-44A5-A130-5CE7F52E294A}.Debug|Any CPU.ActiveCfg = Debug|Any CPU
		{91851B63-5A12-44A5-A130-5CE7F52E294A}.Debug|Any CPU.Build.0 = Debug|Any CPU
		{91851B63-5A12-44A5-A130-5CE7F52E294A}.Release|Any CPU.ActiveCfg = Release|Any CPU
		{91851B63-5A12-44A5-A130-5CE7F52E294A}.Release|Any CPU.Build.0 = Release|Any CPU
	EndGlobalSection
	GlobalSection(SolutionProperties) = preSolution
		HideSolutionNode = FALSE
	EndGlobalSection
	GlobalSection(ExtensibilityGlobals) = postSolution
		SolutionGuid = {21A7E577-1878-42FA-A4B5-ADC53EAC4CCA}
	EndGlobalSection
EndGlobal
